{
  "nodes": {
    "nixpkgs": {
      "locked": {
        "lastModified": 1712105519,
        "narHash": "sha256-Zwit6fKYcp53JgzAx+JBVNyPz+qJ6/XuDD/sW5BU5JA=",
        "owner": "NixOS",
        "repo": "nixpkgs",
        "rev": "3d784fc78a4582e48d77a105242b049fe9065b75",
        "type": "github"
      },
      "original": {
        "owner": "NixOS",
        "repo": "nixpkgs",
        "type": "github"
      }
    },
    "root": {
      "inputs": {
        "nixpkgs": "nixpkgs"
      }
    }
  },
  "root": "root",
  "version": 7
}
